
Microsoft Visual Studio Solution File, Format Version 12.00
# Visual Studio Version 16
VisualStudioVersion = 16.0.29905.134
MinimumVisualStudioVersion = 10.0.40219.1
Project("{FAE04EC0-301F-11D3-BF4B-00C04F79EFBC}") = "WorkingWithVisualStudio", "WorkingWithVisualStudio\WorkingWithVisualStudio.csproj", "{F8C42623-3B4A-45C3-AAEF-C254C089B8A1}"
EndProject
Project("{FAE04EC0-301F-11D3-BF4B-00C04F79EFBC}") = "WorkingWithVisualStudio.Tests", "WorkingWithVisualStudio.Tests\WorkingWithVisualStudio.Tests.csproj", "{F4DFDA73-5996-4593-B333-A947AF341FBD}"
EndProject
Global
	GlobalSection(SolutionConfigurationPlatforms) = preSolution
		Debug|Any CPU = Debug|Any CPU
		Release|Any CPU = Release|Any CPU
	EndGlobalSection
	GlobalSection(ProjectConfigurationPlatforms) = postSolution
		{F8C42623-3B4A-45C3-AAEF-C254C089B8A1}.Debug|Any CPU.ActiveCfg = Debug|Any CPU
		{F8C42623-3B4A-45C3-AAEF-C254C089B8A1}.Debug|Any CPU.Build.0 = Debug|Any CPU
		{F8C42623-3B4A-45C3-AAEF-C254C089B8A1}.Release|Any CPU.ActiveCfg = Release|Any CPU
		{F8C42623-3B4A-45C3-AAEF-C254C089B8A1}.Release|Any CPU.Build.0 = Release|Any CPU
		{F4DFDA73-5996-4593-B333-A947AF341FBD}.Debug|Any CPU.ActiveCfg = Debug|Any CPU
		{F4DFDA73-5996-4593-B333-A947AF341FBD}.Debug|Any CPU.Build.0 = Debug|Any CPU
		{F4DFDA73-5996-4593-B333-A947AF341FBD}.Release|Any CPU.ActiveCfg = Release|Any CPU
		{F4DFDA73-5996-4593-B333-A947AF341FBD}.Release|Any CPU.Build.0 = Release|Any CPU
	EndGlobalSection
	GlobalSection(SolutionProperties) = preSolution
		HideSolutionNode = FALSE
	EndGlobalSection
	GlobalSection(ExtensibilityGlobals) = postSolution
		SolutionGuid = {66CA1994-0041-49A5-9C53-1180B805AB88}
	EndGlobalSection
EndGlobal
